
Microsoft Visual Studio Solution File, Format Version 12.00
# Visual Studio Version 17
VisualStudioVersion = 17.9.34728.123
MinimumVisualStudioVersion = 10.0.40219.1
Project("{9A19103F-16F7-4668-BE54-9A1E7A4F7556}") = "FS20240422", "src\FS20240422\FS20240422.csproj", "{31E0CC45-BA6E-4FAA-88FF-378E0ABFC3B9}"
EndProject
Global
	GlobalSection(SolutionConfigurationPlatforms) = preSolution
		Debug|Any CPU = Debug|Any CPU
		Release|Any CPU = Release|Any CPU
	EndGlobalSection
	GlobalSection(ProjectConfigurationPlatforms) = postSolution
		{31E0CC45-BA6E-4FAA-88FF-378E0ABFC3B9}.Debug|Any CPU.ActiveCfg = Debug|Any CPU
		{31E0CC45-BA6E-4FAA-88FF-378E0ABFC3B9}.Debug|Any CPU.Build.0 = Debug|Any CPU
		{31E0CC45-BA6E-4FAA-88FF-378E0ABFC3B9}.Release|Any CPU.ActiveCfg = Release|Any CPU
		{31E0CC45-BA6E-4FAA-88FF-378E0ABFC3B9}.Release|Any CPU.Build.0 = Release|Any CPU
	EndGlobalSection
	GlobalSection(SolutionProperties) = preSolution
		HideSolutionNode = FALSE
	EndGlobalSection
	GlobalSection(ExtensibilityGlobals) = postSolution
		SolutionGuid = {97154095-630E-46BD-8AB2-0538AD77E509}
	EndGlobalSection
EndGlobal
